
Microsoft Visual Studio Solution File, Format Version 12.00
# Visual Studio Version 18
VisualStudioVersion = 18.1.11312.151
MinimumVisualStudioVersion = 10.0.40219.1
Project("{2150E333-8FDC-42A3-9474-1A3956D46DE8}") = "src", "src", "{827E0CD3-B72D-47B6-A68D-7590B98EB39B}"
EndProject
Project("{FAE04EC0-301F-11D3-BF4B-00C04F79EFBC}") = "GymManagement.Api", "src\GymManagement.Api\GymManagement.Api.csproj", "{A2CC764F-3737-4808-AF37-A1521BF5E541}"
EndProject
Project("{FAE04EC0-301F-11D3-BF4B-00C04F79EFBC}") = "GymManagement.Application", "src\GymManagement.Application\GymManagement.Application.csproj", "{071D0224-E462-4983-9885-81E63C455926}"
EndProject
Project("{FAE04EC0-301F-11D3-BF4B-00C04F79EFBC}") = "GymManagement.Domain", "src\GymManagement.Domain\GymManagement.Domain.csproj", "{5E14AE3D-5F14-4422-A7B7-1E60BFF7C598}"
EndProject
Project("{FAE04EC0-301F-11D3-BF4B-00C04F79EFBC}") = "GymManagement.Infrastructure", "src\GymManagement.Infrastructure\GymManagement.Infrastructure.csproj", "{1DC7742F-31A4-4447-925F-54BD9F8366C2}"
EndProject
Project("{2150E333-8FDC-42A3-9474-1A3956D46DE8}") = "requests", "requests", "{B9098BC8-6252-4F80-B65B-8C23C7CFC897}"
	ProjectSection(SolutionItems) = preProject
		foo.http = foo.http
	EndProjectSection
EndProject
Project("{FAE04EC0-301F-11D3-BF4B-00C04F79EFBC}") = "GymManagement.Contracts", "src\GymManagement.Contracts\GymManagement.Contracts.csproj", "{7612FCDA-4437-478E-A7AE-3A701DEFC13E}"
EndProject
Project("{2150E333-8FDC-42A3-9474-1A3956D46DE8}") = "Solution Items", "Solution Items", "{4E04E0C1-5E11-4C73-A11E-E49F1F1058F3}"
	ProjectSection(SolutionItems) = preProject
		.gitignore = .gitignore
	EndProjectSection
EndProject
Global
	GlobalSection(SolutionConfigurationPlatforms) = preSolution
		Debug|Any CPU = Debug|Any CPU
		Debug|x64 = Debug|x64
		Debug|x86 = Debug|x86
		Release|Any CPU = Release|Any CPU
		Release|x64 = Release|x64
		Release|x86 = Release|x86
	EndGlobalSection
	GlobalSection(ProjectConfigurationPlatforms) = postSolution
		{A2CC764F-3737-4808-AF37-A1521BF5E541}.Debug|Any CPU.ActiveCfg = Debug|Any CPU
		{A2CC764F-3737-4808-AF37-A1521BF5E541}.Debug|Any CPU.Build.0 = Debug|Any CPU
		{A2CC764F-3737-4808-AF37-A1521BF5E541}.Debug|x64.ActiveCfg = Debug|Any CPU
		{A2CC764F-3737-4808-AF37-A1521BF5E541}.Debug|x64.Build.0 = Debug|Any CPU
		{A2CC764F-3737-4808-AF37-A1521BF5E541}.Debug|x86.ActiveCfg = Debug|Any CPU
		{A2CC764F-3737-4808-AF37-A1521BF5E541}.Debug|x86.Build.0 = Debug|Any CPU
		{A2CC764F-3737-4808-AF37-A1521BF5E541}.Release|Any CPU.ActiveCfg = Release|Any CPU
		{A2CC764F-3737-4808-AF37-A1521BF5E541}.Release|Any CPU.Build.0 = Release|Any CPU
		{A2CC764F-3737-4808-AF37-A1521BF5E541}.Release|x64.ActiveCfg = Release|Any CPU
		{A2CC764F-3737-4808-AF37-A1521BF5E541}.Release|x64.Build.0 = Release|Any CPU
		{A2CC764F-3737-4808-AF37-A1521BF5E541}.Release|x86.ActiveCfg = Release|Any CPU
		{A2CC764F-3737-4808-AF37-A1521BF5E541}.Release|x86.Build.0 = Release|Any CPU
		{071D0224-E462-4983-9885-81E63C455926}.Debug|Any CPU.ActiveCfg = Debug|Any CPU
		{071D0224-E462-4983-9885-81E63C455926}.Debug|Any CPU.Build.0 = Debug|Any CPU
		{071D0224-E462-4983-9885-81E63C455926}.Debug|x64.ActiveCfg = Debug|Any CPU
		{071D0224-E462-4983-9885-81E63C455926}.Debug|x64.Build.0 = Debug|Any CPU
		{071D0224-E462-4983-9885-81E63C455926}.Debug|x86.ActiveCfg = Debug|Any CPU
		{071D0224-E462-4983-9885-81E63C455926}.Debug|x86.Build.0 = Debug|Any CPU
		{071D0224-E462-4983-9885-81E63C455926}.Release|Any CPU.ActiveCfg = Release|Any CPU
		{071D0224-E462-4983-9885-81E63C455926}.Release|Any CPU.Build.0 = Release|Any CPU
		{071D0224-E462-4983-9885-81E63C455926}.Release|x64.ActiveCfg = Release|Any CPU
		{071D0224-E462-4983-9885-81E63C455926}.Release|x64.Build.0 = Release|Any CPU
		{071D0224-E462-4983-9885-81E63C455926}.Release|x86.ActiveCfg = Release|Any CPU
		{071D0224-E462-4983-9885-81E63C455926}.Release|x86.Build.0 = Release|Any CPU
		{5E14AE3D-5F14-4422-A7B7-1E60BFF7C598}.Debug|Any CPU.ActiveCfg = Debug|Any CPU
		{5E14AE3D-5F14-4422-A7B7-1E60BFF7C598}.Debug|Any CPU.Build.0 = Debug|Any CPU
		{5E14AE3D-5F14-4422-A7B7-1E60BFF7C598}.Debug|x64.ActiveCfg = Debug|Any CPU
		{5E14AE3D-5F14-4422-A7B7-1E60BFF7C598}.Debug|x64.Build.0 = Debug|Any CPU
		{5E14AE3D-5F14-4422-A7B7-1E60BFF7C598}.Debug|x86.ActiveCfg = Debug|Any CPU
		{5E14AE3D-5F14-4422-A7B7-1E60BFF7C598}.Debug|x86.Build.0 = Debug|Any CPU
		{5E14AE3D-5F14-4422-A7B7-1E60BFF7C598}.Release|Any CPU.ActiveCfg = Release|Any CPU
		{5E14AE3D-5F14-4422-A7B7-1E60BFF7C598}.Release|Any CPU.Build.0 = Release|Any CPU
		{5E14AE3D-5F14-4422-A7B7-1E60BFF7C598}.Release|x64.ActiveCfg = Release|Any CPU
		{5E14AE3D-5F14-4422-A7B7-1E60BFF7C598}.Release|x64.Build.0 = Release|Any CPU
		{5E14AE3D-5F14-4422-A7B7-1E60BFF7C598}.Release|x86.ActiveCfg = Release|Any CPU
		{5E14AE3D-5F14-4422-A7B7-1E60BFF7C598}.Release|x86.Build.0 = Release|Any CPU
		{1DC7742F-31A4-4447-925F-54BD9F8366C2}.Debug|Any CPU.ActiveCfg = Debug|Any CPU
		{1DC7742F-31A4-4447-925F-54BD9F8366C2}.Debug|Any CPU.Build.0 = Debug|Any CPU
		{1DC7742F-31A4-4447-925F-54BD9F8366C2}.Debug|x64.ActiveCfg = Debug|Any CPU
		{1DC7742F-31A4-4447-925F-54BD9F8366C2}.Debug|x64.Build.0 = Debug|Any CPU
		{1DC7742F-31A4-4447-925F-54BD9F8366C2}.Debug|x86.ActiveCfg = Debug|Any CPU
		{1DC7742F-31A4-4447-925F-54BD9F8366C2}.Debug|x86.Build.0 = Debug|Any CPU
		{1DC7742F-31A4-4447-925F-54BD9F8366C2}.Release|Any CPU.ActiveCfg = Release|Any CPU
		{1DC7742F-31A4-4447-925F-54BD9F8366C2}.Release|Any CPU.Build.0 = Release|Any CPU
		{1DC7742F-31A4-4447-925F-54BD9F8366C2}.Release|x64.ActiveCfg = Release|Any CPU
		{1DC7742F-31A4-4447-925F-54BD9F8366C2}.Release|x64.Build.0 = Release|Any CPU
		{1DC7742F-31A4-4447-925F-54BD9F8366C2}.Release|x86.ActiveCfg = Release|Any CPU
		{1DC7742F-31A4-4447-925F-54BD9F8366C2}.Release|x86.Build.0 = Release|Any CPU
		{7612FCDA-4437-478E-A7AE-3A701DEFC13E}.Debug|Any CPU.ActiveCfg = Debug|Any CPU
		{7612FCDA-4437-478E-A7AE-3A701DEFC13E}.Debug|Any CPU.Build.0 = Debug|Any CPU
		{7612FCDA-4437-478E-A7AE-3A701DEFC13E}.Debug|x64.ActiveCfg = Debug|Any CPU
		{7612FCDA-4437-478E-A7AE-3A701DEFC13E}.Debug|x64.Build.0 = Debug|Any CPU
		{7612FCDA-4437-478E-A7AE-3A701DEFC13E}.Debug|x86.ActiveCfg = Debug|Any CPU
		{7612FCDA-4437-478E-A7AE-3A701DEFC13E}.Debug|x86.Build.0 = Debug|Any CPU
		{7612FCDA-4437-478E-A7AE-3A701DEFC13E}.Release|Any CPU.ActiveCfg = Release|Any CPU
		{7612FCDA-4437-478E-A7AE-3A701DEFC13E}.Release|Any CPU.Build.0 = Release|Any CPU
		{7612FCDA-4437-478E-A7AE-3A701DEFC13E}.Release|x64.ActiveCfg = Release|Any CPU
		{7612FCDA-4437-478E-A7AE-3A701DEFC13E}.Release|x64.Build.0 = Release|Any CPU
		{7612FCDA-4437-478E-A7AE-3A701DEFC13E}.Release|x86.ActiveCfg = Release|Any CPU
		{7612FCDA-4437-478E-A7AE-3A701DEFC13E}.Release|x86.Build.0 = Release|Any CPU
	EndGlobalSection
	GlobalSection(SolutionProperties) = preSolution
		HideSolutionNode = FALSE
	EndGlobalSection
	GlobalSection(NestedProjects) = preSolution
		{A2CC764F-3737-4808-AF37-A1521BF5E541} = {827E0CD3-B72D-47B6-A68D-7590B98EB39B}
		{071D0224-E462-4983-9885-81E63C455926} = {827E0CD3-B72D-47B6-A68D-7590B98EB39B}
		{5E14AE3D-5F14-4422-A7B7-1E60BFF7C598} = {827E0CD3-B72D-47B6-A68D-7590B98EB39B}
		{1DC7742F-31A4-4447-925F-54BD9F8366C2} = {827E0CD3-B72D-47B6-A68D-7590B98EB39B}
		{7612FCDA-4437-478E-A7AE-3A701DEFC13E} = {827E0CD3-B72D-47B6-A68D-7590B98EB39B}
	EndGlobalSection
	GlobalSection(ExtensibilityGlobals) = postSolution
		SolutionGuid = {3993403E-0F45-4F50-862B-790206DEF5E5}
	EndGlobalSection
EndGlobal
